
Microsoft Visual Studio Solution File, Format Version 12.00
# Visual Studio Version 17
VisualStudioVersion = 17.10.34928.147
MinimumVisualStudioVersion = 10.0.40219.1
Project("{FAE04EC0-301F-11D3-BF4B-00C04F79EFBC}") = "TextRPG-TeamProject", "TextRPG-TeamProject\TextRPG-TeamProject.csproj", "{5DFCC79D-C65F-42E6-AAF9-D9B3037DC83F}"
EndProject
Global
	GlobalSection(SolutionConfigurationPlatforms) = preSolution
		Debug|Any CPU = Debug|Any CPU
		Release|Any CPU = Release|Any CPU
	EndGlobalSection
	GlobalSection(ProjectConfigurationPlatforms) = postSolution
		{5DFCC79D-C65F-42E6-AAF9-D9B3037DC83F}.Debug|Any CPU.ActiveCfg = Debug|Any CPU
		{5DFCC79D-C65F-42E6-AAF9-D9B3037DC83F}.Debug|Any CPU.Build.0 = Debug|Any CPU
		{5DFCC79D-C65F-42E6-AAF9-D9B3037DC83F}.Release|Any CPU.ActiveCfg = Release|Any CPU
		{5DFCC79D-C65F-42E6-AAF9-D9B3037DC83F}.Release|Any CPU.Build.0 = Release|Any CPU
	EndGlobalSection
	GlobalSection(SolutionProperties) = preSolution
		HideSolutionNode = FALSE
	EndGlobalSection
	GlobalSection(ExtensibilityGlobals) = postSolution
		SolutionGuid = {9CE6C24A-B612-469C-8FB9-7F4F06FABE2D}
	EndGlobalSection
EndGlobal
